{
  "name": "natural-date-parser",
  "version": "1.0.3",
  "lockfileVersion": 3,
  "requires": true,
  "packages": {
    "": {
      "name": "natural-date-parser",
      "version": "1.0.3",
      "license": "Apache-2.0",
      "dependencies": {
        "chrono-node": "^2.9.1",
        "countries-and-timezones": "^3.9.0",
        "moment-timezone": "^0.6.2"
      },
      "engines": {
        "node": ">=18"
      }
    },
    "node_modules/chrono-node": {
      "version": "2.9.1",
      "resolved": "https://registry.npmjs.org/chrono-node/-/chrono-node-2.9.1.tgz",
      "integrity": "sha512-nqP8Zp11efCYQIESXPxeDM8ikzN5BDb3Zzou+a66fZq+X2hzKFdsNLQE2/uBAh//BZEMbaMo1eTnagK7hOenAg==",
      "license": "MIT",
      "engines": {
        "node": "^12.20.0 || ^14.13.1 || >=16.0.0"
      }
    },
    "node_modules/countries-and-timezones": {
      "version": "3.9.0",
      "resolved": "https://registry.npmjs.org/countries-and-timezones/-/countries-and-timezones-3.9.0.tgz",
      "integrity": "sha512-3upkVtUfZgdp5xOQI/Deg1ye73ae6bygJMO4UvtUi6wLjwcj7cBqx2PzSZ1VL8i5iveBbjhsQp2Judx7kPKivA==",
      "license": "MIT",
      "engines": {
        "node": ">=8.x",
        "npm": ">=5.x"
      }
    },
    "node_modules/moment": {
      "version": "2.30.1",
      "resolved": "https://registry.npmjs.org/moment/-/moment-2.30.1.tgz",
      "integrity": "sha512-uEmtNhbDOrWPFS+hdjFCBfy9f2YoyzRpwcl+DqpC6taX21FzsTLQVbMV/W7PzNSX6x/bhC1zA3c2UQ5NzH6how==",
      "license": "MIT",
      "engines": {
        "node": "*"
      }
    },
    "node_modules/moment-timezone": {
      "version": "0.6.2",
      "resolved": "https://registry.npmjs.org/moment-timezone/-/moment-timezone-0.6.2.tgz",
      "integrity": "sha512-lDsQv8FoGdBUdf0+TjGsq2orxKuXdwFlQ6Zw6TX3xIcTwTfEpCLyKqvEauvCHJ8iu3KBV8+uPhlv70YsNGdUBQ==",
      "license": "MIT",
      "dependencies": {
        "moment": "^2.29.4"
      },
      "engines": {
        "node": "*"
      }
    }
  }
}
